
Microsoft Visual Studio Solution File, Format Version 12.00
# Visual Studio 15
VisualStudioVersion = 15.0.27130.2036
MinimumVisualStudioVersion = 10.0.40219.1
Project("{FAE04EC0-301F-11D3-BF4B-00C04F79EFBC}") = "WorkingTimeSettlement.Android", "WorkingTimeSettlement\WorkingTimeSettlement.Android\WorkingTimeSettlement.Android.csproj", "{7268636D-3981-4CCF-83E2-4329DC618925}"
EndProject
Project("{FAE04EC0-301F-11D3-BF4B-00C04F79EFBC}") = "WorkingTimeSettlement.iOS", "WorkingTimeSettlement\WorkingTimeSettlement.iOS\WorkingTimeSettlement.iOS.csproj", "{2383266C-10D9-42A0-A486-550816D7B39B}"
EndProject
Project("{FAE04EC0-301F-11D3-BF4B-00C04F79EFBC}") = "WorkingTimeSettlement.UWP", "WorkingTimeSettlement\WorkingTimeSettlement.UWP\WorkingTimeSettlement.UWP.csproj", "{160BC108-39E0-46DA-8A21-2397D9812EF8}"
EndProject
Project("{D954291E-2A0B-460D-934E-DC6B0785DB48}") = "WorkingTimeSettlement", "WorkingTimeSettlement\WorkingTimeSettlement\WorkingTimeSettlement.shproj", "{6EC0EF8F-F6DC-4E47-8CF1-0EB404EC59F4}"
EndProject
Project("{2150E333-8FDC-42A3-9474-1A3956D46DE8}") = "ApplicationSource", "ApplicationSource", "{5BA40EF0-FF07-4A53-AC01-7640F75B4E9E}"
EndProject
Project("{2150E333-8FDC-42A3-9474-1A3956D46DE8}") = "Tests", "Tests", "{CABEB7D4-FE7E-4FF9-9EB3-FEB677D143DB}"
EndProject
Project("{FAE04EC0-301F-11D3-BF4B-00C04F79EFBC}") = "XamarinUITests", "XamarinUITests\XamarinUITests.csproj", "{101D3A16-094E-43BA-8A0A-3AB1A047F92A}"
EndProject
Project("{FAE04EC0-301F-11D3-BF4B-00C04F79EFBC}") = "LogicTests", "LogicTests\LogicTests.csproj", "{F3DDA6DF-B6FB-4DEE-B603-8F9A47FDCC22}"
EndProject
Global
	GlobalSection(SharedMSBuildProjectFiles) = preSolution
		WorkingTimeSettlement\WorkingTimeSettlement\WorkingTimeSettlement.projitems*{160bc108-39e0-46da-8a21-2397d9812ef8}*SharedItemsImports = 4
		WorkingTimeSettlement\WorkingTimeSettlement\WorkingTimeSettlement.projitems*{2383266c-10d9-42a0-a486-550816d7b39b}*SharedItemsImports = 4
		WorkingTimeSettlement\WorkingTimeSettlement\WorkingTimeSettlement.projitems*{6ec0ef8f-f6dc-4e47-8cf1-0eb404ec59f4}*SharedItemsImports = 13
		WorkingTimeSettlement\WorkingTimeSettlement\WorkingTimeSettlement.projitems*{7268636d-3981-4ccf-83e2-4329dc618925}*SharedItemsImports = 4
	EndGlobalSection
	GlobalSection(SolutionConfigurationPlatforms) = preSolution
		Ad-Hoc|Any CPU = Ad-Hoc|Any CPU
		Ad-Hoc|ARM = Ad-Hoc|ARM
		Ad-Hoc|iPhone = Ad-Hoc|iPhone
		Ad-Hoc|iPhoneSimulator = Ad-Hoc|iPhoneSimulator
		Ad-Hoc|x64 = Ad-Hoc|x64
		Ad-Hoc|x86 = Ad-Hoc|x86
		AppStore|Any CPU = AppStore|Any CPU
		AppStore|ARM = AppStore|ARM
		AppStore|iPhone = AppStore|iPhone
		AppStore|iPhoneSimulator = AppStore|iPhoneSimulator
		AppStore|x64 = AppStore|x64
		AppStore|x86 = AppStore|x86
		Debug|Any CPU = Debug|Any CPU
		Debug|ARM = Debug|ARM
		Debug|iPhone = Debug|iPhone
		Debug|iPhoneSimulator = Debug|iPhoneSimulator
		Debug|x64 = Debug|x64
		Debug|x86 = Debug|x86
		Release|Any CPU = Release|Any CPU
		Release|ARM = Release|ARM
		Release|iPhone = Release|iPhone
		Release|iPhoneSimulator = Release|iPhoneSimulator
		Release|x64 = Release|x64
		Release|x86 = Release|x86
	EndGlobalSection
	GlobalSection(ProjectConfigurationPlatforms) = postSolution
		{7268636D-3981-4CCF-83E2-4329DC618925}.Ad-Hoc|Any CPU.ActiveCfg = Release|Any CPU
		{7268636D-3981-4CCF-83E2-4329DC618925}.Ad-Hoc|Any CPU.Build.0 = Release|Any CPU
		{7268636D-3981-4CCF-83E2-4329DC618925}.Ad-Hoc|Any CPU.Deploy.0 = Release|Any CPU
		{7268636D-3981-4CCF-83E2-4329DC618925}.Ad-Hoc|ARM.ActiveCfg = Release|Any CPU
		{7268636D-3981-4CCF-83E2-4329DC618925}.Ad-Hoc|ARM.Build.0 = Release|Any CPU
		{7268636D-3981-4CCF-83E2-4329DC618925}.Ad-Hoc|ARM.Deploy.0 = Release|Any CPU
		{7268636D-3981-4CCF-83E2-4329DC618925}.Ad-Hoc|iPhone.ActiveCfg = Release|Any CPU
		{7268636D-3981-4CCF-83E2-4329DC618925}.Ad-Hoc|iPhone.Build.0 = Release|Any CPU
		{7268636D-3981-4CCF-83E2-4329DC618925}.Ad-Hoc|iPhone.Deploy.0 = Release|Any CPU
		{7268636D-3981-4CCF-83E2-4329DC618925}.Ad-Hoc|iPhoneSimulator.ActiveCfg = Release|Any CPU
		{7268636D-3981-4CCF-83E2-4329DC618925}.Ad-Hoc|iPhoneSimulator.Build.0 = Release|Any CPU
		{7268636D-3981-4CCF-83E2-4329DC618925}.Ad-Hoc|iPhoneSimulator.Deploy.0 = Release|Any CPU
		{7268636D-3981-4CCF-83E2-4329DC618925}.Ad-Hoc|x64.ActiveCfg = Release|Any CPU
		{7268636D-3981-4CCF-83E2-4329DC618925}.Ad-Hoc|x64.Build.0 = Release|Any CPU
		{7268636D-3981-4CCF-83E2-4329DC618925}.Ad-Hoc|x64.Deploy.0 = Release|Any CPU
		{7268636D-3981-4CCF-83E2-4329DC618925}.Ad-Hoc|x86.ActiveCfg = Release|Any CPU
		{7268636D-3981-4CCF-83E2-4329DC618925}.Ad-Hoc|x86.Build.0 = Release|Any CPU
		{7268636D-3981-4CCF-83E2-4329DC618925}.Ad-Hoc|x86.Deploy.0 = Release|Any CPU
		{7268636D-3981-4CCF-83E2-4329DC618925}.AppStore|Any CPU.ActiveCfg = Release|Any CPU
		{7268636D-3981-4CCF-83E2-4329DC618925}.AppStore|Any CPU.Build.0 = Release|Any CPU
		{7268636D-3981-4CCF-83E2-4329DC618925}.AppStore|Any CPU.Deploy.0 = Release|Any CPU
		{7268636D-3981-4CCF-83E2-4329DC618925}.AppStore|ARM.ActiveCfg = Release|Any CPU
		{7268636D-3981-4CCF-83E2-4329DC618925}.AppStore|ARM.Build.0 = Release|Any CPU
		{7268636D-3981-4CCF-83E2-4329DC618925}.AppStore|ARM.Deploy.0 = Release|Any CPU
		{7268636D-3981-4CCF-83E2-4329DC618925}.AppStore|iPhone.ActiveCfg = Release|Any CPU
		{7268636D-3981-4CCF-83E2-4329DC618925}.AppStore|iPhone.Build.0 = Release|Any CPU
		{7268636D-3981-4CCF-83E2-4329DC618925}.AppStore|iPhone.Deploy.0 = Release|Any CPU
		{7268636D-3981-4CCF-83E2-4329DC618925}.AppStore|iPhoneSimulator.ActiveCfg = Release|Any CPU
		{7268636D-3981-4CCF-83E2-4329DC618925}.AppStore|iPhoneSimulator.Build.0 = Release|Any CPU
		{7268636D-3981-4CCF-83E2-4329DC618925}.AppStore|iPhoneSimulator.Deploy.0 = Release|Any CPU
		{7268636D-3981-4CCF-83E2-4329DC618925}.AppStore|x64.ActiveCfg = Release|Any CPU
		{7268636D-3981-4CCF-83E2-4329DC618925}.AppStore|x64.Build.0 = Release|Any CPU
		{7268636D-3981-4CCF-83E2-4329DC618925}.AppStore|x64.Deploy.0 = Release|Any CPU
		{7268636D-3981-4CCF-83E2-4329DC618925}.AppStore|x86.ActiveCfg = Release|Any CPU
		{7268636D-3981-4CCF-83E2-4329DC618925}.AppStore|x86.Build.0 = Release|Any CPU
		{7268636D-3981-4CCF-83E2-4329DC618925}.AppStore|x86.Deploy.0 = Release|Any CPU
		{7268636D-3981-4CCF-83E2-4329DC618925}.Debug|Any CPU.ActiveCfg = Debug|Any CPU
		{7268636D-3981-4CCF-83E2-4329DC618925}.Debug|Any CPU.Build.0 = Debug|Any CPU
		{7268636D-3981-4CCF-83E2-4329DC618925}.Debug|Any CPU.Deploy.0 = Debug|Any CPU
		{7268636D-3981-4CCF-83E2-4329DC618925}.Debug|ARM.ActiveCfg = Debug|Any CPU
		{7268636D-3981-4CCF-83E2-4329DC618925}.Debug|ARM.Build.0 = Debug|Any CPU
		{7268636D-3981-4CCF-83E2-4329DC618925}.Debug|ARM.Deploy.0 = Debug|Any CPU
		{7268636D-3981-4CCF-83E2-4329DC618925}.Debug|iPhone.ActiveCfg = Debug|Any CPU
		{7268636D-3981-4CCF-83E2-4329DC618925}.Debug|iPhone.Build.0 = Debug|Any CPU
		{7268636D-3981-4CCF-83E2-4329DC618925}.Debug|iPhone.Deploy.0 = Debug|Any CPU
		{7268636D-3981-4CCF-83E2-4329DC618925}.Debug|iPhoneSimulator.ActiveCfg = Debug|Any CPU
		{7268636D-3981-4CCF-83E2-4329DC618925}.Debug|iPhoneSimulator.Build.0 = Debug|Any CPU
		{7268636D-3981-4CCF-83E2-4329DC618925}.Debug|iPhoneSimulator.Deploy.0 = Debug|Any CPU
		{7268636D-3981-4CCF-83E2-4329DC618925}.Debug|x64.ActiveCfg = Debug|Any CPU
		{7268636D-3981-4CCF-83E2-4329DC618925}.Debug|x64.Build.0 = Debug|Any CPU
		{7268636D-3981-4CCF-83E2-4329DC618925}.Debug|x64.Deploy.0 = Debug|Any CPU
		{7268636D-3981-4CCF-83E2-4329DC618925}.Debug|x86.ActiveCfg = Debug|Any CPU
		{7268636D-3981-4CCF-83E2-4329DC618925}.Debug|x86.Build.0 = Debug|Any CPU
		{7268636D-3981-4CCF-83E2-4329DC618925}.Debug|x86.Deploy.0 = Debug|Any CPU
		{7268636D-3981-4CCF-83E2-4329DC618925}.Release|Any CPU.ActiveCfg = Release|Any CPU
		{7268636D-3981-4CCF-83E2-4329DC618925}.Release|Any CPU.Build.0 = Release|Any CPU
		{7268636D-3981-4CCF-83E2-4329DC618925}.Release|Any CPU.Deploy.0 = Release|Any CPU
		{7268636D-3981-4CCF-83E2-4329DC618925}.Release|ARM.ActiveCfg = Release|Any CPU
		{7268636D-3981-4CCF-83E2-4329DC618925}.Release|ARM.Build.0 = Release|Any CPU
		{7268636D-3981-4CCF-83E2-4329DC618925}.Release|ARM.Deploy.0 = Release|Any CPU
		{7268636D-3981-4CCF-83E2-4329DC618925}.Release|iPhone.ActiveCfg = Release|Any CPU
		{7268636D-3981-4CCF-83E2-4329DC618925}.Release|iPhone.Build.0 = Release|Any CPU
		{7268636D-3981-4CCF-83E2-4329DC618925}.Release|iPhone.Deploy.0 = Release|Any CPU
		{7268636D-3981-4CCF-83E2-4329DC618925}.Release|iPhoneSimulator.ActiveCfg = Release|Any CPU
		{7268636D-3981-4CCF-83E2-4329DC618925}.Release|iPhoneSimulator.Build.0 = Release|Any CPU
		{7268636D-3981-4CCF-83E2-4329DC618925}.Release|iPhoneSimulator.Deploy.0 = Release|Any CPU
		{7268636D-3981-4CCF-83E2-4329DC618925}.Release|x64.ActiveCfg = Release|Any CPU
		{7268636D-3981-4CCF-83E2-4329DC618925}.Release|x64.Build.0 = Release|Any CPU
		{7268636D-3981-4CCF-83E2-4329DC618925}.Release|x64.Deploy.0 = Release|Any CPU
		{7268636D-3981-4CCF-83E2-4329DC618925}.Release|x86.ActiveCfg = Release|Any CPU
		{7268636D-3981-4CCF-83E2-4329DC618925}.Release|x86.Build.0 = Release|Any CPU
		{7268636D-3981-4CCF-83E2-4329DC618925}.Release|x86.Deploy.0 = Release|Any CPU
		{2383266C-10D9-42A0-A486-550816D7B39B}.Ad-Hoc|Any CPU.ActiveCfg = Ad-Hoc|iPhone
		{2383266C-10D9-42A0-A486-550816D7B39B}.Ad-Hoc|ARM.ActiveCfg = Ad-Hoc|iPhone
		{2383266C-10D9-42A0-A486-550816D7B39B}.Ad-Hoc|iPhone.ActiveCfg = Ad-Hoc|iPhone
		{2383266C-10D9-42A0-A486-550816D7B39B}.Ad-Hoc|iPhone.Build.0 = Ad-Hoc|iPhone
		{2383266C-10D9-42A0-A486-550816D7B39B}.Ad-Hoc|iPhoneSimulator.ActiveCfg = Ad-Hoc|iPhoneSimulator
		{2383266C-10D9-42A0-A486-550816D7B39B}.Ad-Hoc|iPhoneSimulator.Build.0 = Ad-Hoc|iPhoneSimulator
		{2383266C-10D9-42A0-A486-550816D7B39B}.Ad-Hoc|x64.ActiveCfg = Ad-Hoc|iPhone
		{2383266C-10D9-42A0-A486-550816D7B39B}.Ad-Hoc|x86.ActiveCfg = Ad-Hoc|iPhone
		{2383266C-10D9-42A0-A486-550816D7B39B}.AppStore|Any CPU.ActiveCfg = AppStore|iPhone
		{2383266C-10D9-42A0-A486-550816D7B39B}.AppStore|ARM.ActiveCfg = AppStore|iPhone
		{2383266C-10D9-42A0-A486-550816D7B39B}.AppStore|iPhone.ActiveCfg = AppStore|iPhone
		{2383266C-10D9-42A0-A486-550816D7B39B}.AppStore|iPhone.Build.0 = AppStore|iPhone
		{2383266C-10D9-42A0-A486-550816D7B39B}.AppStore|iPhoneSimulator.ActiveCfg = AppStore|iPhoneSimulator
		{2383266C-10D9-42A0-A486-550816D7B39B}.AppStore|iPhoneSimulator.Build.0 = AppStore|iPhoneSimulator
		{2383266C-10D9-42A0-A486-550816D7B39B}.AppStore|x64.ActiveCfg = AppStore|iPhone
		{2383266C-10D9-42A0-A486-550816D7B39B}.AppStore|x86.ActiveCfg = AppStore|iPhone
		{2383266C-10D9-42A0-A486-550816D7B39B}.Debug|Any CPU.ActiveCfg = Debug|iPhone
		{2383266C-10D9-42A0-A486-550816D7B39B}.Debug|ARM.ActiveCfg = Debug|iPhone
		{2383266C-10D9-42A0-A486-550816D7B39B}.Debug|iPhone.ActiveCfg = Debug|iPhone
		{2383266C-10D9-42A0-A486-550816D7B39B}.Debug|iPhone.Build.0 = Debug|iPhone
		{2383266C-10D9-42A0-A486-550816D7B39B}.Debug|iPhoneSimulator.ActiveCfg = Debug|iPhoneSimulator
		{2383266C-10D9-42A0-A486-550816D7B39B}.Debug|iPhoneSimulator.Build.0 = Debug|iPhoneSimulator
		{2383266C-10D9-42A0-A486-550816D7B39B}.Debug|x64.ActiveCfg = Debug|iPhone
		{2383266C-10D9-42A0-A486-550816D7B39B}.Debug|x86.ActiveCfg = Debug|iPhone
		{2383266C-10D9-42A0-A486-550816D7B39B}.Release|Any CPU.ActiveCfg = Release|iPhone
		{2383266C-10D9-42A0-A486-550816D7B39B}.Release|ARM.ActiveCfg = Release|iPhone
		{2383266C-10D9-42A0-A486-550816D7B39B}.Release|iPhone.ActiveCfg = Release|iPhone
		{2383266C-10D9-42A0-A486-550816D7B39B}.Release|iPhone.Build.0 = Release|iPhone
		{2383266C-10D9-42A0-A486-550816D7B39B}.Release|iPhoneSimulator.ActiveCfg = Release|iPhoneSimulator
		{2383266C-10D9-42A0-A486-550816D7B39B}.Release|iPhoneSimulator.Build.0 = Release|iPhoneSimulator
		{2383266C-10D9-42A0-A486-550816D7B39B}.Release|x64.ActiveCfg = Release|iPhone
		{2383266C-10D9-42A0-A486-550816D7B39B}.Release|x86.ActiveCfg = Release|iPhone
		{160BC108-39E0-46DA-8A21-2397D9812EF8}.Ad-Hoc|Any CPU.ActiveCfg = Release|x86
		{160BC108-39E0-46DA-8A21-2397D9812EF8}.Ad-Hoc|Any CPU.Build.0 = Release|x86
		{160BC108-39E0-46DA-8A21-2397D9812EF8}.Ad-Hoc|Any CPU.Deploy.0 = Release|x86
		{160BC108-39E0-46DA-8A21-2397D9812EF8}.Ad-Hoc|ARM.ActiveCfg = Release|ARM
		{160BC108-39E0-46DA-8A21-2397D9812EF8}.Ad-Hoc|ARM.Build.0 = Release|ARM
		{160BC108-39E0-46DA-8A21-2397D9812EF8}.Ad-Hoc|ARM.Deploy.0 = Release|ARM
		{160BC108-39E0-46DA-8A21-2397D9812EF8}.Ad-Hoc|iPhone.ActiveCfg = Release|x86
		{160BC108-39E0-46DA-8A21-2397D9812EF8}.Ad-Hoc|iPhone.Build.0 = Release|x86
		{160BC108-39E0-46DA-8A21-2397D9812EF8}.Ad-Hoc|iPhone.Deploy.0 = Release|x86
		{160BC108-39E0-46DA-8A21-2397D9812EF8}.Ad-Hoc|iPhoneSimulator.ActiveCfg = Release|x86
		{160BC108-39E0-46DA-8A21-2397D9812EF8}.Ad-Hoc|iPhoneSimulator.Build.0 = Release|x86
		{160BC108-39E0-46DA-8A21-2397D9812EF8}.Ad-Hoc|iPhoneSimulator.Deploy.0 = Release|x86
		{160BC108-39E0-46DA-8A21-2397D9812EF8}.Ad-Hoc|x64.ActiveCfg = Release|x64
		{160BC108-39E0-46DA-8A21-2397D9812EF8}.Ad-Hoc|x64.Build.0 = Release|x64
		{160BC108-39E0-46DA-8A21-2397D9812EF8}.Ad-Hoc|x64.Deploy.0 = Release|x64
		{160BC108-39E0-46DA-8A21-2397D9812EF8}.Ad-Hoc|x86.ActiveCfg = Release|x86
		{160BC108-39E0-46DA-8A21-2397D9812EF8}.Ad-Hoc|x86.Build.0 = Release|x86
		{160BC108-39E0-46DA-8A21-2397D9812EF8}.Ad-Hoc|x86.Deploy.0 = Release|x86
		{160BC108-39E0-46DA-8A21-2397D9812EF8}.AppStore|Any CPU.ActiveCfg = Release|x86
		{160BC108-39E0-46DA-8A21-2397D9812EF8}.AppStore|Any CPU.Build.0 = Release|x86
		{160BC108-39E0-46DA-8A21-2397D9812EF8}.AppStore|Any CPU.Deploy.0 = Release|x86
		{160BC108-39E0-46DA-8A21-2397D9812EF8}.AppStore|ARM.ActiveCfg = Release|ARM
		{160BC108-39E0-46DA-8A21-2397D9812EF8}.AppStore|ARM.Build.0 = Release|ARM
		{160BC108-39E0-46DA-8A21-2397D9812EF8}.AppStore|ARM.Deploy.0 = Release|ARM
		{160BC108-39E0-46DA-8A21-2397D9812EF8}.AppStore|iPhone.ActiveCfg = Release|x86
		{160BC108-39E0-46DA-8A21-2397D9812EF8}.AppStore|iPhone.Build.0 = Release|x86
		{160BC108-39E0-46DA-8A21-2397D9812EF8}.AppStore|iPhone.Deploy.0 = Release|x86
		{160BC108-39E0-46DA-8A21-2397D9812EF8}.AppStore|iPhoneSimulator.ActiveCfg = Release|x86
		{160BC108-39E0-46DA-8A21-2397D9812EF8}.AppStore|iPhoneSimulator.Build.0 = Release|x86
		{160BC108-39E0-46DA-8A21-2397D9812EF8}.AppStore|iPhoneSimulator.Deploy.0 = Release|x86
		{160BC108-39E0-46DA-8A21-2397D9812EF8}.AppStore|x64.ActiveCfg = Release|x64
		{160BC108-39E0-46DA-8A21-2397D9812EF8}.AppStore|x64.Build.0 = Release|x64
		{160BC108-39E0-46DA-8A21-2397D9812EF8}.AppStore|x64.Deploy.0 = Release|x64
		{160BC108-39E0-46DA-8A21-2397D9812EF8}.AppStore|x86.ActiveCfg = Release|x86
		{160BC108-39E0-46DA-8A21-2397D9812EF8}.AppStore|x86.Build.0 = Release|x86
		{160BC108-39E0-46DA-8A21-2397D9812EF8}.AppStore|x86.Deploy.0 = Release|x86
		{160BC108-39E0-46DA-8A21-2397D9812EF8}.Debug|Any CPU.ActiveCfg = Debug|x86
		{160BC108-39E0-46DA-8A21-2397D9812EF8}.Debug|ARM.ActiveCfg = Debug|ARM
		{160BC108-39E0-46DA-8A21-2397D9812EF8}.Debug|ARM.Build.0 = Debug|ARM
		{160BC108-39E0-46DA-8A21-2397D9812EF8}.Debug|ARM.Deploy.0 = Debug|ARM
		{160BC108-39E0-46DA-8A21-2397D9812EF8}.Debug|iPhone.ActiveCfg = Debug|x86
		{160BC108-39E0-46DA-8A21-2397D9812EF8}.Debug|iPhoneSimulator.ActiveCfg = Debug|x86
		{160BC108-39E0-46DA-8A21-2397D9812EF8}.Debug|x64.ActiveCfg = Debug|x64
		{160BC108-39E0-46DA-8A21-2397D9812EF8}.Debug|x64.Build.0 = Debug|x64
		{160BC108-39E0-46DA-8A21-2397D9812EF8}.Debug|x64.Deploy.0 = Debug|x64
		{160BC108-39E0-46DA-8A21-2397D9812EF8}.Debug|x86.ActiveCfg = Debug|x86
		{160BC108-39E0-46DA-8A21-2397D9812EF8}.Debug|x86.Build.0 = Debug|x86
		{160BC108-39E0-46DA-8A21-2397D9812EF8}.Debug|x86.Deploy.0 = Debug|x86
		{160BC108-39E0-46DA-8A21-2397D9812EF8}.Release|Any CPU.ActiveCfg = Release|x86
		{160BC108-39E0-46DA-8A21-2397D9812EF8}.Release|ARM.ActiveCfg = Release|ARM
		{160BC108-39E0-46DA-8A21-2397D9812EF8}.Release|ARM.Build.0 = Release|ARM
		{160BC108-39E0-46DA-8A21-2397D9812EF8}.Release|ARM.Deploy.0 = Release|ARM
		{160BC108-39E0-46DA-8A21-2397D9812EF8}.Release|iPhone.ActiveCfg = Release|x86
		{160BC108-39E0-46DA-8A21-2397D9812EF8}.Release|iPhoneSimulator.ActiveCfg = Release|x86
		{160BC108-39E0-46DA-8A21-2397D9812EF8}.Release|x64.ActiveCfg = Release|x64
		{160BC108-39E0-46DA-8A21-2397D9812EF8}.Release|x64.Build.0 = Release|x64
		{160BC108-39E0-46DA-8A21-2397D9812EF8}.Release|x64.Deploy.0 = Release|x64
		{160BC108-39E0-46DA-8A21-2397D9812EF8}.Release|x86.ActiveCfg = Release|x86
		{160BC108-39E0-46DA-8A21-2397D9812EF8}.Release|x86.Build.0 = Release|x86
		{160BC108-39E0-46DA-8A21-2397D9812EF8}.Release|x86.Deploy.0 = Release|x86
		{101D3A16-094E-43BA-8A0A-3AB1A047F92A}.Ad-Hoc|Any CPU.ActiveCfg = Release|Any CPU
		{101D3A16-094E-43BA-8A0A-3AB1A047F92A}.Ad-Hoc|Any CPU.Build.0 = Release|Any CPU
		{101D3A16-094E-43BA-8A0A-3AB1A047F92A}.Ad-Hoc|ARM.ActiveCfg = Release|Any CPU
		{101D3A16-094E-43BA-8A0A-3AB1A047F92A}.Ad-Hoc|ARM.Build.0 = Release|Any CPU
		{101D3A16-094E-43BA-8A0A-3AB1A047F92A}.Ad-Hoc|iPhone.ActiveCfg = Release|Any CPU
		{101D3A16-094E-43BA-8A0A-3AB1A047F92A}.Ad-Hoc|iPhone.Build.0 = Release|Any CPU
		{101D3A16-094E-43BA-8A0A-3AB1A047F92A}.Ad-Hoc|iPhoneSimulator.ActiveCfg = Release|Any CPU
		{101D3A16-094E-43BA-8A0A-3AB1A047F92A}.Ad-Hoc|iPhoneSimulator.Build.0 = Release|Any CPU
		{101D3A16-094E-43BA-8A0A-3AB1A047F92A}.Ad-Hoc|x64.ActiveCfg = Release|Any CPU
		{101D3A16-094E-43BA-8A0A-3AB1A047F92A}.Ad-Hoc|x64.Build.0 = Release|Any CPU
		{101D3A16-094E-43BA-8A0A-3AB1A047F92A}.Ad-Hoc|x86.ActiveCfg = Release|Any CPU
		{101D3A16-094E-43BA-8A0A-3AB1A047F92A}.Ad-Hoc|x86.Build.0 = Release|Any CPU
		{101D3A16-094E-43BA-8A0A-3AB1A047F92A}.AppStore|Any CPU.ActiveCfg = Release|Any CPU
		{101D3A16-094E-43BA-8A0A-3AB1A047F92A}.AppStore|Any CPU.Build.0 = Release|Any CPU
		{101D3A16-094E-43BA-8A0A-3AB1A047F92A}.AppStore|ARM.ActiveCfg = Release|Any CPU
		{101D3A16-094E-43BA-8A0A-3AB1A047F92A}.AppStore|ARM.Build.0 = Release|Any CPU
		{101D3A16-094E-43BA-8A0A-3AB1A047F92A}.AppStore|iPhone.ActiveCfg = Release|Any CPU
		{101D3A16-094E-43BA-8A0A-3AB1A047F92A}.AppStore|iPhone.Build.0 = Release|Any CPU
		{101D3A16-094E-43BA-8A0A-3AB1A047F92A}.AppStore|iPhoneSimulator.ActiveCfg = Release|Any CPU
		{101D3A16-094E-43BA-8A0A-3AB1A047F92A}.AppStore|iPhoneSimulator.Build.0 = Release|Any CPU
		{101D3A16-094E-43BA-8A0A-3AB1A047F92A}.AppStore|x64.ActiveCfg = Release|Any CPU
		{101D3A16-094E-43BA-8A0A-3AB1A047F92A}.AppStore|x64.Build.0 = Release|Any CPU
		{101D3A16-094E-43BA-8A0A-3AB1A047F92A}.AppStore|x86.ActiveCfg = Release|Any CPU
		{101D3A16-094E-43BA-8A0A-3AB1A047F92A}.AppStore|x86.Build.0 = Release|Any CPU
		{101D3A16-094E-43BA-8A0A-3AB1A047F92A}.Debug|Any CPU.ActiveCfg = Debug|Any CPU
		{101D3A16-094E-43BA-8A0A-3AB1A047F92A}.Debug|Any CPU.Build.0 = Debug|Any CPU
		{101D3A16-094E-43BA-8A0A-3AB1A047F92A}.Debug|ARM.ActiveCfg = Debug|Any CPU
		{101D3A16-094E-43BA-8A0A-3AB1A047F92A}.Debug|ARM.Build.0 = Debug|Any CPU
		{101D3A16-094E-43BA-8A0A-3AB1A047F92A}.Debug|iPhone.ActiveCfg = Debug|Any CPU
		{101D3A16-094E-43BA-8A0A-3AB1A047F92A}.Debug|iPhone.Build.0 = Debug|Any CPU
		{101D3A16-094E-43BA-8A0A-3AB1A047F92A}.Debug|iPhoneSimulator.ActiveCfg = Debug|Any CPU
		{101D3A16-094E-43BA-8A0A-3AB1A047F92A}.Debug|iPhoneSimulator.Build.0 = Debug|Any CPU
		{101D3A16-094E-43BA-8A0A-3AB1A047F92A}.Debug|x64.ActiveCfg = Debug|Any CPU
		{101D3A16-094E-43BA-8A0A-3AB1A047F92A}.Debug|x64.Build.0 = Debug|Any CPU
		{101D3A16-094E-43BA-8A0A-3AB1A047F92A}.Debug|x86.ActiveCfg = Debug|Any CPU
		{101D3A16-094E-43BA-8A0A-3AB1A047F92A}.Debug|x86.Build.0 = Debug|Any CPU
		{101D3A16-094E-43BA-8A0A-3AB1A047F92A}.Release|Any CPU.ActiveCfg = Release|Any CPU
		{101D3A16-094E-43BA-8A0A-3AB1A047F92A}.Release|Any CPU.Build.0 = Release|Any CPU
		{101D3A16-094E-43BA-8A0A-3AB1A047F92A}.Release|ARM.ActiveCfg = Release|Any CPU
		{101D3A16-094E-43BA-8A0A-3AB1A047F92A}.Release|ARM.Build.0 = Release|Any CPU
		{101D3A16-094E-43BA-8A0A-3AB1A047F92A}.Release|iPhone.ActiveCfg = Release|Any CPU
		{101D3A16-094E-43BA-8A0A-3AB1A047F92A}.Release|iPhone.Build.0 = Release|Any CPU
		{101D3A16-094E-43BA-8A0A-3AB1A047F92A}.Release|iPhoneSimulator.ActiveCfg = Release|Any CPU
		{101D3A16-094E-43BA-8A0A-3AB1A047F92A}.Release|iPhoneSimulator.Build.0 = Release|Any CPU
		{101D3A16-094E-43BA-8A0A-3AB1A047F92A}.Release|x64.ActiveCfg = Release|Any CPU
		{101D3A16-094E-43BA-8A0A-3AB1A047F92A}.Release|x64.Build.0 = Release|Any CPU
		{101D3A16-094E-43BA-8A0A-3AB1A047F92A}.Release|x86.ActiveCfg = Release|Any CPU
		{101D3A16-094E-43BA-8A0A-3AB1A047F92A}.Release|x86.Build.0 = Release|Any CPU
		{F3DDA6DF-B6FB-4DEE-B603-8F9A47FDCC22}.Ad-Hoc|Any CPU.ActiveCfg = Debug|Any CPU
		{F3DDA6DF-B6FB-4DEE-B603-8F9A47FDCC22}.Ad-Hoc|Any CPU.Build.0 = Debug|Any CPU
		{F3DDA6DF-B6FB-4DEE-B603-8F9A47FDCC22}.Ad-Hoc|ARM.ActiveCfg = Debug|Any CPU
		{F3DDA6DF-B6FB-4DEE-B603-8F9A47FDCC22}.Ad-Hoc|ARM.Build.0 = Debug|Any CPU
		{F3DDA6DF-B6FB-4DEE-B603-8F9A47FDCC22}.Ad-Hoc|iPhone.ActiveCfg = Debug|Any CPU
		{F3DDA6DF-B6FB-4DEE-B603-8F9A47FDCC22}.Ad-Hoc|iPhone.Build.0 = Debug|Any CPU
		{F3DDA6DF-B6FB-4DEE-B603-8F9A47FDCC22}.Ad-Hoc|iPhoneSimulator.ActiveCfg = Debug|Any CPU
		{F3DDA6DF-B6FB-4DEE-B603-8F9A47FDCC22}.Ad-Hoc|iPhoneSimulator.Build.0 = Debug|Any CPU
		{F3DDA6DF-B6FB-4DEE-B603-8F9A47FDCC22}.Ad-Hoc|x64.ActiveCfg = Debug|Any CPU
		{F3DDA6DF-B6FB-4DEE-B603-8F9A47FDCC22}.Ad-Hoc|x64.Build.0 = Debug|Any CPU
		{F3DDA6DF-B6FB-4DEE-B603-8F9A47FDCC22}.Ad-Hoc|x86.ActiveCfg = Debug|Any CPU
		{F3DDA6DF-B6FB-4DEE-B603-8F9A47FDCC22}.Ad-Hoc|x86.Build.0 = Debug|Any CPU
		{F3DDA6DF-B6FB-4DEE-B603-8F9A47FDCC22}.AppStore|Any CPU.ActiveCfg = Debug|Any CPU
		{F3DDA6DF-B6FB-4DEE-B603-8F9A47FDCC22}.AppStore|Any CPU.Build.0 = Debug|Any CPU
		{F3DDA6DF-B6FB-4DEE-B603-8F9A47FDCC22}.AppStore|ARM.ActiveCfg = Debug|Any CPU
		{F3DDA6DF-B6FB-4DEE-B603-8F9A47FDCC22}.AppStore|ARM.Build.0 = Debug|Any CPU
		{F3DDA6DF-B6FB-4DEE-B603-8F9A47FDCC22}.AppStore|iPhone.ActiveCfg = Debug|Any CPU
		{F3DDA6DF-B6FB-4DEE-B603-8F9A47FDCC22}.AppStore|iPhone.Build.0 = Debug|Any CPU
		{F3DDA6DF-B6FB-4DEE-B603-8F9A47FDCC22}.AppStore|iPhoneSimulator.ActiveCfg = Debug|Any CPU
		{F3DDA6DF-B6FB-4DEE-B603-8F9A47FDCC22}.AppStore|iPhoneSimulator.Build.0 = Debug|Any CPU
		{F3DDA6DF-B6FB-4DEE-B603-8F9A47FDCC22}.AppStore|x64.ActiveCfg = Debug|Any CPU
		{F3DDA6DF-B6FB-4DEE-B603-8F9A47FDCC22}.AppStore|x64.Build.0 = Debug|Any CPU
		{F3DDA6DF-B6FB-4DEE-B603-8F9A47FDCC22}.AppStore|x86.ActiveCfg = Debug|Any CPU
		{F3DDA6DF-B6FB-4DEE-B603-8F9A47FDCC22}.AppStore|x86.Build.0 = Debug|Any CPU
		{F3DDA6DF-B6FB-4DEE-B603-8F9A47FDCC22}.Debug|Any CPU.ActiveCfg = Debug|Any CPU
		{F3DDA6DF-B6FB-4DEE-B603-8F9A47FDCC22}.Debug|Any CPU.Build.0 = Debug|Any CPU
		{F3DDA6DF-B6FB-4DEE-B603-8F9A47FDCC22}.Debug|ARM.ActiveCfg = Debug|Any CPU
		{F3DDA6DF-B6FB-4DEE-B603-8F9A47FDCC22}.Debug|ARM.Build.0 = Debug|Any CPU
		{F3DDA6DF-B6FB-4DEE-B603-8F9A47FDCC22}.Debug|iPhone.ActiveCfg = Debug|Any CPU
		{F3DDA6DF-B6FB-4DEE-B603-8F9A47FDCC22}.Debug|iPhone.Build.0 = Debug|Any CPU
		{F3DDA6DF-B6FB-4DEE-B603-8F9A47FDCC22}.Debug|iPhoneSimulator.ActiveCfg = Debug|Any CPU
		{F3DDA6DF-B6FB-4DEE-B603-8F9A47FDCC22}.Debug|iPhoneSimulator.Build.0 = Debug|Any CPU
		{F3DDA6DF-B6FB-4DEE-B603-8F9A47FDCC22}.Debug|x64.ActiveCfg = Debug|Any CPU
		{F3DDA6DF-B6FB-4DEE-B603-8F9A47FDCC22}.Debug|x64.Build.0 = Debug|Any CPU
		{F3DDA6DF-B6FB-4DEE-B603-8F9A47FDCC22}.Debug|x86.ActiveCfg = Debug|Any CPU
		{F3DDA6DF-B6FB-4DEE-B603-8F9A47FDCC22}.Debug|x86.Build.0 = Debug|Any CPU
		{F3DDA6DF-B6FB-4DEE-B603-8F9A47FDCC22}.Release|Any CPU.ActiveCfg = Release|Any CPU
		{F3DDA6DF-B6FB-4DEE-B603-8F9A47FDCC22}.Release|Any CPU.Build.0 = Release|Any CPU
		{F3DDA6DF-B6FB-4DEE-B603-8F9A47FDCC22}.Release|ARM.ActiveCfg = Release|Any CPU
		{F3DDA6DF-B6FB-4DEE-B603-8F9A47FDCC22}.Release|ARM.Build.0 = Release|Any CPU
		{F3DDA6DF-B6FB-4DEE-B603-8F9A47FDCC22}.Release|iPhone.ActiveCfg = Release|Any CPU
		{F3DDA6DF-B6FB-4DEE-B603-8F9A47FDCC22}.Release|iPhone.Build.0 = Release|Any CPU
		{F3DDA6DF-B6FB-4DEE-B603-8F9A47FDCC22}.Release|iPhoneSimulator.ActiveCfg = Release|Any CPU
		{F3DDA6DF-B6FB-4DEE-B603-8F9A47FDCC22}.Release|iPhoneSimulator.Build.0 = Release|Any CPU
		{F3DDA6DF-B6FB-4DEE-B603-8F9A47FDCC22}.Release|x64.ActiveCfg = Release|Any CPU
		{F3DDA6DF-B6FB-4DEE-B603-8F9A47FDCC22}.Release|x64.Build.0 = Release|Any CPU
		{F3DDA6DF-B6FB-4DEE-B603-8F9A47FDCC22}.Release|x86.ActiveCfg = Release|Any CPU
		{F3DDA6DF-B6FB-4DEE-B603-8F9A47FDCC22}.Release|x86.Build.0 = Release|Any CPU
	EndGlobalSection
	GlobalSection(SolutionProperties) = preSolution
		HideSolutionNode = FALSE
	EndGlobalSection
	GlobalSection(NestedProjects) = preSolution
		{7268636D-3981-4CCF-83E2-4329DC618925} = {5BA40EF0-FF07-4A53-AC01-7640F75B4E9E}
		{2383266C-10D9-42A0-A486-550816D7B39B} = {5BA40EF0-FF07-4A53-AC01-7640F75B4E9E}
		{160BC108-39E0-46DA-8A21-2397D9812EF8} = {5BA40EF0-FF07-4A53-AC01-7640F75B4E9E}
		{6EC0EF8F-F6DC-4E47-8CF1-0EB404EC59F4} = {5BA40EF0-FF07-4A53-AC01-7640F75B4E9E}
		{101D3A16-094E-43BA-8A0A-3AB1A047F92A} = {CABEB7D4-FE7E-4FF9-9EB3-FEB677D143DB}
		{F3DDA6DF-B6FB-4DEE-B603-8F9A47FDCC22} = {CABEB7D4-FE7E-4FF9-9EB3-FEB677D143DB}
	EndGlobalSection
	GlobalSection(ExtensibilityGlobals) = postSolution
		SolutionGuid = {DA019288-6368-41FE-BA1E-9E36E71B8C00}
	EndGlobalSection
EndGlobal
